{
  "version": 2,
  "dependencies": {
    "net10.0": {
      "AspNetCore.HealthChecks.NpgSql": {
        "type": "Direct",
        "requested": "[9.0.0, )",
        "resolved": "9.0.0",
        "contentHash": "npc58/AD5zuVxERdhCl2Kb7WnL37mwX42SJcXIwvmEig0/dugOLg3SIwtfvvh3TnvTwR/sk5LYNkkPaBdks61A==",
        "dependencies": {
          "Npgsql": "8.0.3"
        }
      },
      "BlazorBlueprint.Components": {
        "type": "Direct",
        "requested": "[3.15.0, )",
        "resolved": "3.15.0",
        "contentHash": "SODR9Z9FBvxYzOV+zGtoZCggaLVIH3Ldsd95+y58afemaJFJuFSU0+O9fXzhC1+E3zJLleiOB/RsBo5SWVbXSw==",
        "dependencies": {
          "BlazorBlueprint.Icons.Lucide": "2.0.0",
          "BlazorBlueprint.Primitives": "3.15.0",
          "HtmlSanitizer": "9.1.982",
          "Markdig": "0.37.0",
          "TailwindMerge.NET": "1.3.0"
        }
      },
      "EFCore.NamingConventions": {
        "type": "Direct",
        "requested": "[10.0.1, )",
        "resolved": "10.0.1",
        "contentHash": "Xs5k8XfNKPkkQSkGmZkmDI1je0prLTdxse+s8PgTFZxyBrlrTLzTBUTVJtQKSsbvu4y+luAv8DdtO5SALJE++A==",
        "dependencies": {
          "Microsoft.EntityFrameworkCore": "[10.0.1, 11.0.0)",
          "Microsoft.EntityFrameworkCore.Relational": "[10.0.1, 11.0.0)"
        }
      },
      "Fluid.Core": {
        "type": "Direct",
        "requested": "[2.40.0, )",
        "resolved": "2.40.0",
        "contentHash": "bBI5NejSVAU4Ug1eSodIZXUfjtOWpSUC5pXxMW1jfdKZn3LgLZuVtBDpidl7odaVQL4oGE9nili+JFfs5q6BYQ==",
        "dependencies": {
          "Parlot": "1.5.2",
          "TimeZoneConverter": "7.2.0"
        }
      },
      "Hangfire.AspNetCore": {
        "type": "Direct",
        "requested": "[1.8.24, )",
        "resolved": "1.8.24",
        "contentHash": "K7eugZIFcBgGI+lI6Z3H9a7Ax6ZkauWjOUJxE5xawu5UQmH+WS7gXBlar1zGUqLTWqWxNAMj+K95OE0zvAtHNg==",
        "dependencies": {
          "Hangfire.NetCore": "[1.8.24]"
        }
      },
      "Hangfire.PostgreSql": {
        "type": "Direct",
        "requested": "[1.21.1, )",
        "resolved": "1.21.1",
        "contentHash": "hFNZAxv+1p72/XCZdImnH6ovCzZ2DKAMTOI8CReT0P3yw/k0b0YJP2teA18agNH1ZYInPzhtxGk8hx5n2cxbbQ==",
        "dependencies": {
          "Dapper": "2.0.123",
          "Dapper.AOT": "1.0.48",
          "Hangfire.Core": "1.8.0",
          "Npgsql": "6.0.11"
        }
      },
      "Hl7.Fhir.R4": {
        "type": "Direct",
        "requested": "[6.4.0, )",
        "resolved": "6.4.0",
        "contentHash": "4VuXhdQ12KLHCWWCWGVSINsdmmQgeeaML/HU4Jf4WRZul+zMvftY9r8+UBTESQkephM2oLJ2yM0Htj6YUaGxhw==",
        "dependencies": {
          "Hl7.Fhir.Conformance": "6.4.0"
        }
      },
      "HtmlSanitizer": {
        "type": "Direct",
        "requested": "[9.1.982, )",
        "resolved": "9.1.982",
        "contentHash": "+KBhQAoddWFWXgyWfmV5QAW9auveh29581t47jxtjJAEB5BxZILR2LUue5Lr4DCZFtpYeUUskD3nE1tct7DJPw==",
        "dependencies": {
          "AngleSharp": "1.7.0",
          "AngleSharp.Css": "1.0.1"
        }
      },
      "io.github.diz-uker.fhir-ig-constants": {
        "type": "Direct",
        "requested": "[0.2.15, )",
        "resolved": "0.2.15",
        "contentHash": "4MadJuWMiiDPEk8ZxLpWYSJ3/9CRJsUqBnTJB3wL09UL7BA85jNZjjpKGM4yWyVwSfrPos4YE6wFl1yoGFhy2g==",
        "dependencies": {
          "Hl7.Fhir.R4": "6.4.0"
        }
      },
      "MailKit": {
        "type": "Direct",
        "requested": "[4.17.0, )",
        "resolved": "4.17.0",
        "contentHash": "1nUAVLxM9fhT/78we6/AGsCesnpn5dRNLLeRqOfr52Wnk87pzVwo5YMTMyqnmoXrYc7piGhmayiMA/OgDluIjg==",
        "dependencies": {
          "MimeKit": "4.17.0"
        }
      },
      "Microsoft.AspNetCore.App.Internal.Assets": {
        "type": "Direct",
        "requested": "[10.0.11, )",
        "resolved": "10.0.11",
        "contentHash": "tYYYBZsuF2DSz1I3hcfB8qC4nNekIKufkYZOJ2R28fNK3PkS7fJao/mIX5H84NH94UACZQ4dhvt8GDlkrJFwLg=="
      },
      "Microsoft.AspNetCore.Authentication.OpenIdConnect": {
        "type": "Direct",
        "requested": "[10.0.4, )",
        "resolved": "10.0.4",
        "contentHash": "S8hPSqhgkR8nLNgQ54K1lRDBv9WM64XWPTNBeJkTN8KTvQ1YX/ol6ue/JCvYtJ7mWU5r2VzdbW/BA8bJlkDEbw==",
        "dependencies": {
          "Microsoft.IdentityModel.Protocols.OpenIdConnect": "8.0.1"
        }
      },
      "Microsoft.AspNetCore.DataProtection.EntityFrameworkCore": {
        "type": "Direct",
        "requested": "[10.0.11, )",
        "resolved": "10.0.11",
        "contentHash": "hMzgy/JpKNy7vKJBp9iBHiGqGGi+vtPNV8qSamQy3vOO3sPE8RslYkMz6pgCYIkLhLPr29J0lLj7SnA0J5Eoqw==",
        "dependencies": {
          "Microsoft.EntityFrameworkCore": "10.0.11"
        }
      },
      "Microsoft.EntityFrameworkCore.Design": {
        "type": "Direct",
        "requested": "[10.0.11, )",
        "resolved": "10.0.11",
        "contentHash": "0zlzPs/jtrp2jGNZSxHLd0bRgDB/TlCDT17pnt8hovTVgCmC6qbX1277/goAlnZbRip1mZp1TVjjG+tj9PQ/Uw==",
        "dependencies": {
          "Humanizer.Core": "2.14.1",
          "Microsoft.Build.Framework": "18.0.2",
          "Microsoft.CodeAnalysis.CSharp": "5.0.0",
          "Microsoft.CodeAnalysis.CSharp.Workspaces": "5.0.0",
          "Microsoft.CodeAnalysis.Workspaces.MSBuild": "5.0.0",
          "Microsoft.EntityFrameworkCore.Relational": "10.0.11",
          "Microsoft.Extensions.DependencyModel": "10.0.11",
          "Mono.TextTemplating": "3.0.0",
          "Newtonsoft.Json": "13.0.4"
        }
      },
      "Mjml.Net": {
        "type": "Direct",
        "requested": "[4.14.0, )",
        "resolved": "4.14.0",
        "contentHash": "eMafQratNn6b6fp16ocTPCC3NzrdCAy1pj7n/eQMxF9iS5n8AKCRoAWl2kPZ3YOhBvRU1hDdTK2ouQM2o4rfeg==",
        "dependencies": {
          "HtmlPerformanceKit": "1.0.0"
        }
      },
      "Npgsql.EntityFrameworkCore.PostgreSQL": {
        "type": "Direct",
        "requested": "[10.0.3, )",
        "resolved": "10.0.3",
        "contentHash": "IPGrrZnRkuW7OlHDhUESZz4G5DLkW7Nej/O3Cx+0iTsgyU5XJxBgpsvTHLloo3WWuAKKbDHXBvWPVkX1deRh1Q==",
        "dependencies": {
          "Microsoft.EntityFrameworkCore": "[10.0.4, 11.0.0)",
          "Microsoft.EntityFrameworkCore.Relational": "[10.0.4, 11.0.0)",
          "Npgsql": "10.0.3"
        }
      },
      "Npgsql.OpenTelemetry": {
        "type": "Direct",
        "requested": "[10.0.3, )",
        "resolved": "10.0.3",
        "contentHash": "ShsdG/FHxJ2VuWM6tebJL/mCWkcxymmvtENN59c85EsJdT4TStWwwtgZoBu/9UvC0qi1jpFZ6bOfl9ijiWD+vA==",
        "dependencies": {
          "Npgsql": "10.0.3",
          "OpenTelemetry.API": "1.15.3"
        }
      },
      "OpenTelemetry.Exporter.OpenTelemetryProtocol": {
        "type": "Direct",
        "requested": "[1.17.0, )",
        "resolved": "1.17.0",
        "contentHash": "R1omQOrQpGlS0Cp5UIr/TAiuEA48JrPlgr1NPV5gESiTU7HhWU+ILe2EBSYb1fKdsSavZ7nZkHcUxAzofPqr2A==",
        "dependencies": {
          "OpenTelemetry": "1.17.0"
        }
      },
      "OpenTelemetry.Exporter.Prometheus.AspNetCore": {
        "type": "Direct",
        "requested": "[1.17.0-beta.1, )",
        "resolved": "1.17.0-beta.1",
        "contentHash": "eecXu43HkY7LFJDutrQ6kpwvUOMDeqLMtU+UeN225ckXw33qN/StTcdW6mTHH1jDSYdFM29vvDXB3jnFwPHkXg==",
        "dependencies": {
          "OpenTelemetry": "[1.17.0, 2.0.0)"
        }
      },
      "OpenTelemetry.Extensions.Hosting": {
        "type": "Direct",
        "requested": "[1.17.0, )",
        "resolved": "1.17.0",
        "contentHash": "t1OwL/4qgboGMobYVT+UV5zgWnFqCp4Pw8lcsmzh8m2K8PQsTKkyxrC32tqYTMYny3GOW4q5cltE3dTVzLmRew==",
        "dependencies": {
          "OpenTelemetry": "1.17.0"
        }
      },
      "OpenTelemetry.Instrumentation.AspNetCore": {
        "type": "Direct",
        "requested": "[1.17.0, )",
        "resolved": "1.17.0",
        "contentHash": "rGbmk1vuy1kvgZmE0ps7Vb99YZvDap6AalrrF60FwnNit1uW/PbeFZj1cpb0T8MPkYmjhBrRJ1/JB6QqXkRjHA==",
        "dependencies": {
          "OpenTelemetry.Api.ProviderBuilderExtensions": "[1.17.0, 2.0.0)"
        }
      },
      "OpenTelemetry.Instrumentation.Http": {
        "type": "Direct",
        "requested": "[1.17.0, )",
        "resolved": "1.17.0",
        "contentHash": "uTwVtxIJ/xB96wGYTaDsbkJVeCFdUxTwvrlDUn2YJixy0UuKc8DvQMzwKNJMTzNFiiyYO9c40id6tUHTmWs33A==",
        "dependencies": {
          "OpenTelemetry.Api.ProviderBuilderExtensions": "[1.17.0, 2.0.0)"
        }
      },
      "OpenTelemetry.Instrumentation.Runtime": {
        "type": "Direct",
        "requested": "[1.17.0, )",
        "resolved": "1.17.0",
        "contentHash": "HyYenisDn/xdtyVXdjImsCl+RNC2gq01N0rvSR7tsYAylXR2sxX/YgMsyTajMXA27+r1vB7lNU8cWRhV0fwL+Q==",
        "dependencies": {
          "OpenTelemetry.Api": "[1.17.0, 2.0.0)"
        }
      },
      "Slugify.Core": {
        "type": "Direct",
        "requested": "[5.1.1, )",
        "resolved": "5.1.1",
        "contentHash": "9dsxewpdgnLgOVN6dIRX3XvlEy1XpLbE2nd2bFebcW0XPdysU1WgQUXChFcAfjHpdfImBxMUe33PTwZOuU531Q=="
      },
      "AngleSharp": {
        "type": "Transitive",
        "resolved": "1.7.0",
        "contentHash": "v1R++46dblGRBo2/fKFUfgtZOaFnDGQhqBM0AarxgZSJuumj1e1vexBbjlTv2hx3Olr3qeoJa2yUoWyv5fuJ5A=="
      },
      "AngleSharp.Css": {
        "type": "Transitive",
        "resolved": "1.0.1",
        "contentHash": "6S13xNHH+SUGPZd6EO1MhkuDbpEnFroUM6A8DZpLJHQnLRTvtBJb3Ydu65s618E4gWF9FSWmM5jhKk4RIfwT2A==",
        "dependencies": {
          "AngleSharp": "[1.5.0, 2.0.0)"
        }
      },
      "BlazorBlueprint.Icons.Lucide": {
        "type": "Transitive",
        "resolved": "2.0.0",
        "contentHash": "DWr5VUhebPN7EP9T3DYe0aAK5pfETRSdv48dWPqApip8/X3gs64yhPCXrmuvOHy80eKDfblL8mv9UFM3qmDbwA=="
      },
      "BlazorBlueprint.Primitives": {
        "type": "Transitive",
        "resolved": "3.15.0",
        "contentHash": "gOC53YI15QPR2kQuyEqLqMmJoJWdF6jofE2oGFcyxU2L5rivUWgmZs9pWOQa3QVGGdmxunqOWgV0z3BfUVpr9A=="
      },
      "BouncyCastle.Cryptography": {
        "type": "Transitive",
        "resolved": "2.6.2",
        "contentHash": "7oWOcvnntmMKNzDLsdxAYqApt+AjpRpP2CShjMfIa3umZ42UQMvH0tl1qAliYPNYO6vTdcGMqnRrCPmsfzTI1w=="
      },
      "Dapper": {
        "type": "Transitive",
        "resolved": "2.0.123",
        "contentHash": "RDFF4rBLLmbpi6pwkY7q/M6UXHRJEOerplDGE5jwEkP/JGJnBauAClYavNKJPW1yOTWRPIyfj4is3EaJxQXILQ=="
      },
      "Dapper.AOT": {
        "type": "Transitive",
        "resolved": "1.0.48",
        "contentHash": "rsLM3yKr4g+YKKox9lhc8D+kz67P7Q9+xdyn1LmCsoYr1kYpJSm+Nt6slo5UrfUrcTiGJ57zUlyO8XUdV7G7iA=="
      },
      "Fhir.Metrics": {
        "type": "Transitive",
        "resolved": "1.4.0",
        "contentHash": "SxpoHR46khpzQG4rOX+rJduPeuH3h9rEpEoguraOft24E0tMnnDk8CuTMVF3fMudsdyo5addKBf+wGngWHwgOQ=="
      },
      "Hangfire.Core": {
        "type": "Transitive",
        "resolved": "1.8.24",
        "contentHash": "XhiE55abcXXw4jEe0EClnU1fainkfi7ZVINbcCB+Se6ZatfVAglLsvNc6wtTMq5aZz0tv2DuW+U5lx1R0DcWOg==",
        "dependencies": {
          "Newtonsoft.Json": "11.0.1"
        }
      },
      "Hangfire.NetCore": {
        "type": "Transitive",
        "resolved": "1.8.24",
        "contentHash": "iKRSO7gzMq4KhI+px98OtRubI5FaDHJgHvhLqlILvsuCPVFraTdVWdRgwjIS4bIyahl/3RaiGhFOqlpwgU724Q==",
        "dependencies": {
          "Hangfire.Core": "[1.8.24]"
        }
      },
      "Hl7.Fhir.Base": {
        "type": "Transitive",
        "resolved": "6.4.0",
        "contentHash": "ne+0zlNRGIiqSRKchg0qhQ7LCvS1AJGXo00InKWh6giv4FPv8wKEQpnDtRoCwCVuNtkVyc6XYdmHr5Neel3Xgw==",
        "dependencies": {
          "Fhir.Metrics": "1.4.0",
          "Newtonsoft.Json": "13.0.4",
          "System.ComponentModel.Annotations": "5.0.0"
        }
      },
      "Hl7.Fhir.Conformance": {
        "type": "Transitive",
        "resolved": "6.4.0",
        "contentHash": "Rdw5GAxXiSTsUptIlkP4DA42ykxclIdxzvTbgzoKttnFgD3m1V7lrvqmzKj5T4e9gK2MWU7I3r+Gw7NVkmSiNg==",
        "dependencies": {
          "Hl7.Fhir.Base": "6.4.0"
        }
      },
      "HtmlPerformanceKit": {
        "type": "Transitive",
        "resolved": "1.0.0",
        "contentHash": "BHePdNNOkAhDIzFh0LmrbRpmbp/2mSn4SyJggqeLmKSQJo++8mC9zFvzUo/cb/hkOwY0HYAFFWWauViVycHM9Q=="
      },
      "Humanizer.Core": {
        "type": "Transitive",
        "resolved": "2.14.1",
        "contentHash": "lQKvtaTDOXnoVJ20ibTuSIOf2i0uO0MPbDhd1jm238I+U/2ZnRENj0cktKZhtchBMtCUSRQ5v4xBCUbKNmyVMw=="
      },
      "Markdig": {
        "type": "Transitive",
        "resolved": "0.37.0",
        "contentHash": "biiu4MTPFjW55qw6v5Aphtj0MjDLJ14x8ndZwkJUHIeqvaSGKeqhLY7S7Vu/S3k7/c9KwhhnaCDP9hdFNUhcNA=="
      },
      "Microsoft.Build.Framework": {
        "type": "Transitive",
        "resolved": "18.0.2",
        "contentHash": "sOSb+0J4G/jCBW/YqmRuL0eOMXgfw1KQLdC9TkbvfA5xs7uNm+PBQXJCOzSJGXtZcZrtXozcwxPmUiRUbmd7FA=="
      },
      "Microsoft.CodeAnalysis.Analyzers": {
        "type": "Transitive",
        "resolved": "3.11.0",
        "contentHash": "v/EW3UE8/lbEYHoC2Qq7AR/DnmvpgdtAMndfQNmpuIMx/Mto8L5JnuCfdBYtgvalQOtfNCnxFejxuRrryvUTsg=="
      },
      "Microsoft.CodeAnalysis.Common": {
        "type": "Transitive",
        "resolved": "5.0.0",
        "contentHash": "ZXRAdvH6GiDeHRyd3q/km8Z44RoM6FBWHd+gen/la81mVnAdHTEsEkO5J0TCNXBymAcx5UYKt5TvgKBhaLJEow==",
        "dependencies": {
          "Microsoft.CodeAnalysis.Analyzers": "3.11.0"
        }
      },
      "Microsoft.CodeAnalysis.CSharp": {
        "type": "Transitive",
        "resolved": "5.0.0",
        "contentHash": "5DSyJ9bk+ATuDy7fp2Zt0mJStDVKbBoiz1DyfAwSa+k4H4IwykAUcV3URelw5b8/iVbfSaOwkwmPUZH6opZKCw==",
        "dependencies": {
          "Microsoft.CodeAnalysis.Analyzers": "3.11.0",
          "Microsoft.CodeAnalysis.Common": "[5.0.0]"
        }
      },
      "Microsoft.CodeAnalysis.CSharp.Workspaces": {
        "type": "Transitive",
        "resolved": "5.0.0",
        "contentHash": "Al/Q8B+yO8odSqGVpSvrShMFDvlQdIBU//F3E6Rb0YdiLSALE9wh/pvozPNnfmh5HDnvU+mkmSjpz4hQO++jaA==",
        "dependencies": {
          "Humanizer.Core": "2.14.1",
          "Microsoft.CodeAnalysis.Analyzers": "3.11.0",
          "Microsoft.CodeAnalysis.CSharp": "[5.0.0]",
          "Microsoft.CodeAnalysis.Common": "[5.0.0]",
          "Microsoft.CodeAnalysis.Workspaces.Common": "[5.0.0]",
          "System.Composition": "9.0.0"
        }
      },
      "Microsoft.CodeAnalysis.Workspaces.Common": {
        "type": "Transitive",
        "resolved": "5.0.0",
        "contentHash": "ZbUmIvT6lqTNKiv06Jl5wf0MTMi1vQ1oH7ou4CLcs2C/no/L7EhP3T8y3XXvn9VbqMcJaJnEsNA1jwYUMgc5jg==",
        "dependencies": {
          "Humanizer.Core": "2.14.1",
          "Microsoft.CodeAnalysis.Analyzers": "3.11.0",
          "Microsoft.CodeAnalysis.Common": "[5.0.0]",
          "System.Composition": "9.0.0"
        }
      },
      "Microsoft.CodeAnalysis.Workspaces.MSBuild": {
        "type": "Transitive",
        "resolved": "5.0.0",
        "contentHash": "/G+LVoAGMz6Ae8nm+PGLxSw+F5RjYx/J7irbTO5uKAPw1bxHyQJLc/YOnpDxt+EpPtYxvC9wvBsg/kETZp1F9Q==",
        "dependencies": {
          "Humanizer.Core": "2.14.1",
          "Microsoft.Build.Framework": "17.11.31",
          "Microsoft.CodeAnalysis.Analyzers": "3.11.0",
          "Microsoft.CodeAnalysis.Workspaces.Common": "[5.0.0]",
          "Microsoft.VisualStudio.SolutionPersistence": "1.0.52",
          "Newtonsoft.Json": "13.0.3",
          "System.Composition": "9.0.0"
        }
      },
      "Microsoft.EntityFrameworkCore": {
        "type": "Transitive",
        "resolved": "10.0.11",
        "contentHash": "VOSGU8en6HZJs8t7UMFN+9vGcRgVOOn6fA44Ngcg2NyvJ3P1KE94iAb0XzaVaGhXGtt+qaM/VtEn0/hzluQJeg==",
        "dependencies": {
          "Microsoft.EntityFrameworkCore.Abstractions": "10.0.11",
          "Microsoft.EntityFrameworkCore.Analyzers": "10.0.11"
        }
      },
      "Microsoft.EntityFrameworkCore.Abstractions": {
        "type": "Transitive",
        "resolved": "10.0.11",
        "contentHash": "6auJR+9+9VunznKfH7WGrHMrnrmA0F7JZ22EXzwXvVhjfnbu9Xq7NSIWaOf3KJsOanM2qf5ajJ2JR5TlcPZTLA=="
      },
      "Microsoft.EntityFrameworkCore.Analyzers": {
        "type": "Transitive",
        "resolved": "10.0.11",
        "contentHash": "Bv7X4wSSnzCQED9WYXKJ8fwgyvKwf0xZM1GO8xkf6CF9zl+UBnvjxmcPnokJRy0JKjc1SlHSzzhx1HcL4jitTQ=="
      },
      "Microsoft.Extensions.DependencyModel": {
        "type": "Transitive",
        "resolved": "10.0.11",
        "contentHash": "PJPtFYsZ+r+uz9qqXWUTEyKeJ1EiBGIJtqavkg9ZXijjGSFAk4Fgi5sqIxj+uAyLZwEKgexDUQXhWhvU6l3+og=="
      },
      "Microsoft.IdentityModel.Abstractions": {
        "type": "Transitive",
        "resolved": "8.0.1",
        "contentHash": "OtlIWcyX01olfdevPKZdIPfBEvbcioDyBiE/Z2lHsopsMD7twcKtlN9kMevHmI5IIPhFpfwCIiR6qHQz1WHUIw=="
      },
      "Microsoft.IdentityModel.JsonWebTokens": {
        "type": "Transitive",
        "resolved": "8.0.1",
        "contentHash": "s6++gF9x0rQApQzOBbSyp4jUaAlwm+DroKfL8gdOHxs83k8SJfUXhuc46rDB3rNXBQ1MVRxqKUrqFhO/M0E97g==",
        "dependencies": {
          "Microsoft.IdentityModel.Tokens": "8.0.1"
        }
      },
      "Microsoft.IdentityModel.Logging": {
        "type": "Transitive",
        "resolved": "8.0.1",
        "contentHash": "UCPF2exZqBXe7v/6sGNiM6zCQOUXXQ9+v5VTb9gPB8ZSUPnX53BxlN78v2jsbIvK9Dq4GovQxo23x8JgWvm/Qg==",
        "dependencies": {
          "Microsoft.IdentityModel.Abstractions": "8.0.1"
        }
      },
      "Microsoft.IdentityModel.Protocols": {
        "type": "Transitive",
        "resolved": "8.0.1",
        "contentHash": "uA2vpKqU3I2mBBEaeJAWPTjT9v1TZrGWKdgK6G5qJd03CLx83kdiqO9cmiK8/n1erkHzFBwU/RphP83aAe3i3g==",
        "dependencies": {
          "Microsoft.IdentityModel.Tokens": "8.0.1"
        }
      },
      "Microsoft.IdentityModel.Protocols.OpenIdConnect": {
        "type": "Transitive",
        "resolved": "8.0.1",
        "contentHash": "AQDbfpL+yzuuGhO/mQhKNsp44pm5Jv8/BI4KiFXR7beVGZoSH35zMV3PrmcfvSTsyI6qrcR898NzUauD6SRigg==",
        "dependencies": {
          "Microsoft.IdentityModel.Protocols": "8.0.1",
          "System.IdentityModel.Tokens.Jwt": "8.0.1"
        }
      },
      "Microsoft.IdentityModel.Tokens": {
        "type": "Transitive",
        "resolved": "8.0.1",
        "contentHash": "kDimB6Dkd3nkW2oZPDkMkVHfQt3IDqO5gL0oa8WVy3OP4uE8Ij+8TXnqg9TOd9ufjsY3IDiGz7pCUbnfL18tjg==",
        "dependencies": {
          "Microsoft.IdentityModel.Logging": "8.0.1"
        }
      },
      "Microsoft.VisualStudio.SolutionPersistence": {
        "type": "Transitive",
        "resolved": "1.0.52",
        "contentHash": "oNv2JtYXhpdJrX63nibx1JT3uCESOBQ1LAk7Dtz/sr0+laW0KRM6eKp4CZ3MHDR2siIkKsY8MmUkeP5DKkQQ5w=="
      },
      "MimeKit": {
        "type": "Transitive",
        "resolved": "4.17.0",
        "contentHash": "h/KXsCreJf8RpR/PSAtlbvYtZFndp9N8Wn1Bs248AL7ITyhn+AiIY5bLTvt60tbN2mu6g8KadtBNWygTji2lqg==",
        "dependencies": {
          "BouncyCastle.Cryptography": "2.6.2",
          "System.Security.Cryptography.Pkcs": "10.0.0"
        }
      },
      "Mono.TextTemplating": {
        "type": "Transitive",
        "resolved": "3.0.0",
        "contentHash": "YqueG52R/Xej4VVbKuRIodjiAhV0HR/XVbLbNrJhCZnzjnSjgMJ/dCdV0akQQxavX6hp/LC6rqLGLcXeQYU7XA==",
        "dependencies": {
          "System.CodeDom": "6.0.0"
        }
      },
      "Newtonsoft.Json": {
        "type": "Transitive",
        "resolved": "13.0.4",
        "contentHash": "pdgNNMai3zv51W5aq268sujXUyx7SNdE2bj1wZcWjAQrKMFZV260lbqYop1d2GM67JI1huLRwxo9ZqnfF/lC6A=="
      },
      "Npgsql": {
        "type": "Transitive",
        "resolved": "10.0.3",
        "contentHash": "7nb5YzXuvWWJxB0J8DiyL3we+X4FOctZrt0fIBnucOIaIevFEEwGQVZKtiu9olXdlNAK1eNgqSral6r/jlhI4w=="
      },
      "OpenTelemetry": {
        "type": "Transitive",
        "resolved": "1.17.0",
        "contentHash": "rMLOTftlMlTm7+MSrvXDHnJRjVkROFNKXHZrYjOsX+LankaFG7QSflx7qRRGjoqZoirohnxmJQ7GEb9occO4Gg==",
        "dependencies": {
          "OpenTelemetry.Api.ProviderBuilderExtensions": "1.17.0"
        }
      },
      "OpenTelemetry.Api": {
        "type": "Transitive",
        "resolved": "1.17.0",
        "contentHash": "mSBxzomZgHIJu9CyVNqyDu/n2JHEtqVgfcCD1Br0cV5iLYogjZOMqhlVLt99PEp+0KGBNUR3GXgeOdN2GR3F9g=="
      },
      "OpenTelemetry.Api.ProviderBuilderExtensions": {
        "type": "Transitive",
        "resolved": "1.17.0",
        "contentHash": "Xgc3Qf9B9TFMFpx6exTdGqMWuYIT2miNzkdMPutVvT9YuMFaEovXWke1Gb6z8NxYaQbbGF38vYLuSg1JCeui5Q==",
        "dependencies": {
          "OpenTelemetry.Api": "1.17.0"
        }
      },
      "Parlot": {
        "type": "Transitive",
        "resolved": "1.5.2",
        "contentHash": "idEOR6WU8WvnaDhFcj9PkWv8r/Actca8KfV9kw94//QEC0iQJVB9w/Z4ZLY8LxwSVMuNPuuLB649kCcVb+HrLw=="
      },
      "Planetarium.LruCacheNet": {
        "type": "Transitive",
        "resolved": "1.2.0",
        "contentHash": "WE2eblbDjsOoJhOBA+Jiwk/c+xrbFTRu+KaUOhhRWklCyScWSGCFS3gNmuc7zjjdJPSjotGAoKjAJIkHsXPXxQ=="
      },
      "System.CodeDom": {
        "type": "Transitive",
        "resolved": "6.0.0",
        "contentHash": "CPc6tWO1LAer3IzfZufDBRL+UZQcj5uS207NHALQzP84Vp/z6wF0Aa0YZImOQY8iStY0A2zI/e3ihKNPfUm8XA=="
      },
      "System.ComponentModel.Annotations": {
        "type": "Transitive",
        "resolved": "5.0.0",
        "contentHash": "dMkqfy2el8A8/I76n2Hi1oBFEbG1SfxD2l5nhwXV3XjlnOmwxJlQbYpJH4W51odnU9sARCSAgv7S3CyAFMkpYg=="
      },
      "System.Composition": {
        "type": "Transitive",
        "resolved": "9.0.0",
        "contentHash": "3Djj70fFTraOarSKmRnmRy/zm4YurICm+kiCtI0dYRqGJnLX6nJ+G3WYuFJ173cAPax/gh96REcbNiVqcrypFQ==",
        "dependencies": {
          "System.Composition.AttributedModel": "9.0.0",
          "System.Composition.Convention": "9.0.0",
          "System.Composition.Hosting": "9.0.0",
          "System.Composition.Runtime": "9.0.0",
          "System.Composition.TypedParts": "9.0.0"
        }
      },
      "System.Composition.AttributedModel": {
        "type": "Transitive",
        "resolved": "9.0.0",
        "contentHash": "iri00l/zIX9g4lHMY+Nz0qV1n40+jFYAmgsaiNn16xvt2RDwlqByNG4wgblagnDYxm3YSQQ0jLlC/7Xlk9CzyA=="
      },
      "System.Composition.Convention": {
        "type": "Transitive",
        "resolved": "9.0.0",
        "contentHash": "+vuqVP6xpi582XIjJi6OCsIxuoTZfR0M7WWufk3uGDeCl3wGW6KnpylUJ3iiXdPByPE0vR5TjJgR6hDLez4FQg==",
        "dependencies": {
          "System.Composition.AttributedModel": "9.0.0"
        }
      },
      "System.Composition.Hosting": {
        "type": "Transitive",
        "resolved": "9.0.0",
        "contentHash": "OFqSeFeJYr7kHxDfaViGM1ymk7d4JxK//VSoNF9Ux0gpqkLsauDZpu89kTHHNdCWfSljbFcvAafGyBoY094btQ==",
        "dependencies": {
          "System.Composition.Runtime": "9.0.0"
        }
      },
      "System.Composition.Runtime": {
        "type": "Transitive",
        "resolved": "9.0.0",
        "contentHash": "w1HOlQY1zsOWYussjFGZCEYF2UZXgvoYnS94NIu2CBnAGMbXFAX8PY8c92KwUItPmowal68jnVLBCzdrWLeEKA=="
      },
      "System.Composition.TypedParts": {
        "type": "Transitive",
        "resolved": "9.0.0",
        "contentHash": "aRZlojCCGEHDKqh43jaDgaVpYETsgd7Nx4g1zwLKMtv4iTo0627715ajEFNpEEBTgLmvZuv8K0EVxc3sM4NWJA==",
        "dependencies": {
          "System.Composition.AttributedModel": "9.0.0",
          "System.Composition.Hosting": "9.0.0",
          "System.Composition.Runtime": "9.0.0"
        }
      },
      "System.IdentityModel.Tokens.Jwt": {
        "type": "Transitive",
        "resolved": "8.0.1",
        "contentHash": "GJw3bYkWpOgvN3tJo5X4lYUeIFA2HD293FPUhKmp7qxS+g5ywAb34Dnd3cDAFLkcMohy5XTpoaZ4uAHuw0uSPQ==",
        "dependencies": {
          "Microsoft.IdentityModel.JsonWebTokens": "8.0.1",
          "Microsoft.IdentityModel.Tokens": "8.0.1"
        }
      },
      "System.Security.Cryptography.Pkcs": {
        "type": "Transitive",
        "resolved": "10.0.0",
        "contentHash": "UPWqLSygJlFerRi9XNIuM0a1VC8gHUIufyP24xQ0sc+XimqUAEcjpOz9DhKpyDjH+5B/wO3RpC0KpkEeDj/ddg=="
      },
      "TailwindMerge.NET": {
        "type": "Transitive",
        "resolved": "1.3.0",
        "contentHash": "eZgamFmf9muV4oxB8HUDRAxGVOErdfXoKKGnbAxfRHZpcn2ZcvHgYVp2ke9MSGL1G/9cL1C9Tfq42tg+NzkBwQ==",
        "dependencies": {
          "Planetarium.LruCacheNet": "1.2.0"
        }
      },
      "TimeZoneConverter": {
        "type": "Transitive",
        "resolved": "7.2.0",
        "contentHash": "4Poqu79dTmacVETqUJ53g3x4U21V/cmWPSlehdsVE4Q00akavvlRq+SRjcg/CmfO9ibOCjRl6TeUV7hkC5RC4w=="
      },
      "recruit.fhirconstants": {
        "type": "Project",
        "dependencies": {
          "Hl7.Fhir.R4": "[6.4.0, )"
        }
      },
      "Microsoft.EntityFrameworkCore.Relational": {
        "type": "CentralTransitive",
        "requested": "[10.0.11, )",
        "resolved": "10.0.11",
        "contentHash": "grznnTJgEYxaWpdKAsTzg6j+89jHgCXWYp+QGtlX5O92+w/VuhWM6JLPYb+uw8M9VhGUvOTsO76dYOy9vNPd5Q==",
        "dependencies": {
          "Microsoft.EntityFrameworkCore": "10.0.11"
        }
      }
    }
  }
}