{
  "version": 1,
  "dependencies": {
    "net10.0": {
      "Hl7.Fhir.R4": {
        "type": "Direct",
        "requested": "[6.1.0, )",
        "resolved": "6.1.0",
        "contentHash": "oSM9feEudKJkD5Mlkip07B3yR6qpxRg6KsA0LTbMAkd0C64NU3c13gOFMYS0jo7FpyBK/yh+4McXBQgisj9I4g==",
        "dependencies": {
          "Hl7.Fhir.Conformance": "6.1.0"
        }
      },
      "Polly": {
        "type": "Direct",
        "requested": "[8.6.6, )",
        "resolved": "8.6.6",
        "contentHash": "czKHYJ6uGowPijuZt4kgF4njfGvWxVZ8mKBcrZ9iEtwDe9HKdF0ug6p6TwUG8EHuuufgbDU//rSBFebt5/0Fyw==",
        "dependencies": {
          "Polly.Core": "8.6.6"
        }
      },
      "System.CommandLine": {
        "type": "Direct",
        "requested": "[2.0.3, )",
        "resolved": "2.0.3",
        "contentHash": "5nY9hlrGGFEmyecNUux58sohD2Q16U6jlFBYwH57b2IVUs+u7LfMFaHwOtw2tuIi8CUl6jKXw5s4FuIt9aLtug=="
      },
      "Fhir.Metrics": {
        "type": "Transitive",
        "resolved": "1.3.1",
        "contentHash": "pCC0/KT4xe7vvJ0UD9u8CTBQOoIqMBl01du0UvK95i1A6smPb32gdmwSJvtx+KV7jQwkIMeKblkH8M3d9iw7fg=="
      },
      "Hl7.Fhir.Base": {
        "type": "Transitive",
        "resolved": "6.1.0",
        "contentHash": "vpqAOexEkzEAZ7dHHyjLoN1EO9AQ2kcDX2rRDfb9BPwEm5QfAESDqGXL+HyiXtnGSuk7S/fqYoflceDsQoJYOw==",
        "dependencies": {
          "Fhir.Metrics": "1.3.1",
          "Microsoft.Extensions.Caching.Memory": "10.0.3",
          "Newtonsoft.Json": "13.0.4",
          "System.ComponentModel.Annotations": "5.0.0"
        }
      },
      "Hl7.Fhir.Conformance": {
        "type": "Transitive",
        "resolved": "6.1.0",
        "contentHash": "NtxA48LhSEZ5lqBoCj0i+suGYoGYkE9Gftt9I0dvBllVfRVsQ/RRwC1HtFSa0ff9SkwV4hLfmEqAVg8m2nwe6A==",
        "dependencies": {
          "Hl7.Fhir.Base": "6.1.0"
        }
      },
      "Microsoft.Extensions.Caching.Abstractions": {
        "type": "Transitive",
        "resolved": "10.0.3",
        "contentHash": "5dtXBvI8t3z8pF4tB38JYgi/enCL/DwSXxpqShgFz3SHJ7IzqFIMs6Gu5ik8sNZzcO9qQs3xIDpB3vDamkYG+Q==",
        "dependencies": {
          "Microsoft.Extensions.Primitives": "10.0.3"
        }
      },
      "Microsoft.Extensions.Caching.Memory": {
        "type": "Transitive",
        "resolved": "10.0.3",
        "contentHash": "No4fVh0z30SWqiWFRoA4PNdrEco6OjXvCqRFvlmRgDQqqks2bRDdeavUgWEiAX153ZAwW9loUgbxcvuP4NKQLg==",
        "dependencies": {
          "Microsoft.Extensions.Caching.Abstractions": "10.0.3",
          "Microsoft.Extensions.DependencyInjection.Abstractions": "10.0.3",
          "Microsoft.Extensions.Logging.Abstractions": "10.0.3",
          "Microsoft.Extensions.Options": "10.0.3",
          "Microsoft.Extensions.Primitives": "10.0.3"
        }
      },
      "Microsoft.Extensions.DependencyInjection.Abstractions": {
        "type": "Transitive",
        "resolved": "10.0.3",
        "contentHash": "bwGMrRcAMWx2s/RDgja97p27rxSz2pEQW0+rX5cWAUWVETVJ/eyxGfjAl8vuG5a+lckWmPIE+vcuaZNVB5YDdw=="
      },
      "Microsoft.Extensions.Logging.Abstractions": {
        "type": "Transitive",
        "resolved": "10.0.3",
        "contentHash": "lxl0WLk7ROgBFAsjcOYjQ8/DVK+VMszxGBzUhgtQmAsTNldLL5pk9NG/cWTsXHq0lUhUEAtZkEE7jOGOA8bGKQ==",
        "dependencies": {
          "Microsoft.Extensions.DependencyInjection.Abstractions": "10.0.3"
        }
      },
      "Microsoft.Extensions.Options": {
        "type": "Transitive",
        "resolved": "10.0.3",
        "contentHash": "hU6WzGTPvPoLA2ng1ILvWQb3g0qORdlHNsxI8IcPLumJb3suimYUl+bbDzdo1V4KFsvVhnMWzysHpKbZaoDQPQ==",
        "dependencies": {
          "Microsoft.Extensions.DependencyInjection.Abstractions": "10.0.3",
          "Microsoft.Extensions.Primitives": "10.0.3"
        }
      },
      "Microsoft.Extensions.Primitives": {
        "type": "Transitive",
        "resolved": "10.0.3",
        "contentHash": "GEcpTwo7sUoLGGNTqV1FZEuL+tTD9m81NX/mh099dqGNna07/UGZShKQNZRw4hv6nlliSUwYQgSYc7OR99Jufg=="
      },
      "Newtonsoft.Json": {
        "type": "Transitive",
        "resolved": "13.0.4",
        "contentHash": "pdgNNMai3zv51W5aq268sujXUyx7SNdE2bj1wZcWjAQrKMFZV260lbqYop1d2GM67JI1huLRwxo9ZqnfF/lC6A=="
      },
      "Polly.Core": {
        "type": "Transitive",
        "resolved": "8.6.6",
        "contentHash": "lCBL9mmhF9TZxHG3beVRkyjlLohkIC464xIAq7J7Y59C+z42hmsdUaeCKl2SIAYertOUU5TeBXyQDLDQGIKePQ=="
      },
      "System.ComponentModel.Annotations": {
        "type": "Transitive",
        "resolved": "5.0.0",
        "contentHash": "dMkqfy2el8A8/I76n2Hi1oBFEbG1SfxD2l5nhwXV3XjlnOmwxJlQbYpJH4W51odnU9sARCSAgv7S3CyAFMkpYg=="
      }
    }
  }
}