dependencies:
- name: hapi-fhir-jpaserver
  repository: https://hapifhir.github.io/hapi-fhir-jpaserver-starter
  version: 0.21.0
- name: mailhog
  repository: oci://ghcr.io/codecentric/helm-charts
  version: 5.8.0
- name: ohdsi
  repository: oci://ghcr.io/chgl/charts
  version: 0.25.19
- name: postgres
  repository: oci://registry-1.docker.io/cloudpirates
  version: 0.7.2
- name: fhir-pseudonymizer
  repository: oci://ghcr.io/miracum/charts
  version: 0.8.11
- name: common
  repository: oci://ghcr.io/miracum/charts
  version: 0.1.1
digest: sha256:6a5606e674a28a6c56a04961d98baa2a4f761b8fffb855d2d1e21357db410f1a
generated: "2025-10-03T08:32:01.766954615Z"
